
Microsoft Visual Studio Solution File, Format Version 12.00
# Visual Studio 14
VisualStudioVersion = 14.0.25420.1
MinimumVisualStudioVersion = 10.0.40219.1
Project("{FAE04EC0-301F-11D3-BF4B-00C04F79EFBC}") = "XamarinTry.Droid", "XamarinTry\XamarinTry.Droid\XamarinTry.Droid.csproj", "{2CE551C2-6FF6-4548-A345-19BAB216A987}"
EndProject
Project("{FAE04EC0-301F-11D3-BF4B-00C04F79EFBC}") = "XamarinTry", "XamarinTry\XamarinTry\XamarinTry.csproj", "{2F3932CF-E2C9-4291-93AE-66B6DC9D3E62}"
EndProject
Project("{FAE04EC0-301F-11D3-BF4B-00C04F79EFBC}") = "UnitTestTry", "UnitTestTry\UnitTestTry.csproj", "{B1B4A987-405A-455A-9834-E7380F13FE41}"
EndProject
Global
	GlobalSection(SolutionConfigurationPlatforms) = preSolution
		Debug|Any CPU = Debug|Any CPU
		Debug|ARM = Debug|ARM
		Debug|iPhone = Debug|iPhone
		Debug|iPhoneSimulator = Debug|iPhoneSimulator
		Debug|x86 = Debug|x86
		Release|Any CPU = Release|Any CPU
		Release|ARM = Release|ARM
		Release|iPhone = Release|iPhone
		Release|iPhoneSimulator = Release|iPhoneSimulator
		Release|x86 = Release|x86
	EndGlobalSection
	GlobalSection(ProjectConfigurationPlatforms) = postSolution
		{2CE551C2-6FF6-4548-A345-19BAB216A987}.Debug|Any CPU.ActiveCfg = Debug|Any CPU
		{2CE551C2-6FF6-4548-A345-19BAB216A987}.Debug|Any CPU.Build.0 = Debug|Any CPU
		{2CE551C2-6FF6-4548-A345-19BAB216A987}.Debug|Any CPU.Deploy.0 = Debug|Any CPU
		{2CE551C2-6FF6-4548-A345-19BAB216A987}.Debug|ARM.ActiveCfg = Debug|Any CPU
		{2CE551C2-6FF6-4548-A345-19BAB216A987}.Debug|ARM.Build.0 = Debug|Any CPU
		{2CE551C2-6FF6-4548-A345-19BAB216A987}.Debug|ARM.Deploy.0 = Debug|Any CPU
		{2CE551C2-6FF6-4548-A345-19BAB216A987}.Debug|iPhone.ActiveCfg = Debug|Any CPU
		{2CE551C2-6FF6-4548-A345-19BAB216A987}.Debug|iPhone.Build.0 = Debug|Any CPU
		{2CE551C2-6FF6-4548-A345-19BAB216A987}.Debug|iPhone.Deploy.0 = Debug|Any CPU
		{2CE551C2-6FF6-4548-A345-19BAB216A987}.Debug|iPhoneSimulator.ActiveCfg = Debug|Any CPU
		{2CE551C2-6FF6-4548-A345-19BAB216A987}.Debug|iPhoneSimulator.Build.0 = Debug|Any CPU
		{2CE551C2-6FF6-4548-A345-19BAB216A987}.Debug|iPhoneSimulator.Deploy.0 = Debug|Any CPU
		{2CE551C2-6FF6-4548-A345-19BAB216A987}.Debug|x86.ActiveCfg = Debug|Any CPU
		{2CE551C2-6FF6-4548-A345-19BAB216A987}.Debug|x86.Build.0 = Debug|Any CPU
		{2CE551C2-6FF6-4548-A345-19BAB216A987}.Debug|x86.Deploy.0 = Debug|Any CPU
		{2CE551C2-6FF6-4548-A345-19BAB216A987}.Release|Any CPU.ActiveCfg = Release|Any CPU
		{2CE551C2-6FF6-4548-A345-19BAB216A987}.Release|Any CPU.Build.0 = Release|Any CPU
		{2CE551C2-6FF6-4548-A345-19BAB216A987}.Release|Any CPU.Deploy.0 = Release|Any CPU
		{2CE551C2-6FF6-4548-A345-19BAB216A987}.Release|ARM.ActiveCfg = Release|Any CPU
		{2CE551C2-6FF6-4548-A345-19BAB216A987}.Release|ARM.Build.0 = Release|Any CPU
		{2CE551C2-6FF6-4548-A345-19BAB216A987}.Release|ARM.Deploy.0 = Release|Any CPU
		{2CE551C2-6FF6-4548-A345-19BAB216A987}.Release|iPhone.ActiveCfg = Release|Any CPU
		{2CE551C2-6FF6-4548-A345-19BAB216A987}.Release|iPhone.Build.0 = Release|Any CPU
		{2CE551C2-6FF6-4548-A345-19BAB216A987}.Release|iPhone.Deploy.0 = Release|Any CPU
		{2CE551C2-6FF6-4548-A345-19BAB216A987}.Release|iPhoneSimulator.ActiveCfg = Release|Any CPU
		{2CE551C2-6FF6-4548-A345-19BAB216A987}.Release|iPhoneSimulator.Build.0 = Release|Any CPU
		{2CE551C2-6FF6-4548-A345-19BAB216A987}.Release|iPhoneSimulator.Deploy.0 = Release|Any CPU
		{2CE551C2-6FF6-4548-A345-19BAB216A987}.Release|x86.ActiveCfg = Release|Any CPU
		{2CE551C2-6FF6-4548-A345-19BAB216A987}.Release|x86.Build.0 = Release|Any CPU
		{2CE551C2-6FF6-4548-A345-19BAB216A987}.Release|x86.Deploy.0 = Release|Any CPU
		{2F3932CF-E2C9-4291-93AE-66B6DC9D3E62}.Debug|Any CPU.ActiveCfg = Debug|Any CPU
		{2F3932CF-E2C9-4291-93AE-66B6DC9D3E62}.Debug|Any CPU.Build.0 = Debug|Any CPU
		{2F3932CF-E2C9-4291-93AE-66B6DC9D3E62}.Debug|ARM.ActiveCfg = Debug|Any CPU
		{2F3932CF-E2C9-4291-93AE-66B6DC9D3E62}.Debug|ARM.Build.0 = Debug|Any CPU
		{2F3932CF-E2C9-4291-93AE-66B6DC9D3E62}.Debug|iPhone.ActiveCfg = Debug|Any CPU
		{2F3932CF-E2C9-4291-93AE-66B6DC9D3E62}.Debug|iPhone.Build.0 = Debug|Any CPU
		{2F3932CF-E2C9-4291-93AE-66B6DC9D3E62}.Debug|iPhoneSimulator.ActiveCfg = Debug|Any CPU
		{2F3932CF-E2C9-4291-93AE-66B6DC9D3E62}.Debug|iPhoneSimulator.Build.0 = Debug|Any CPU
		{2F3932CF-E2C9-4291-93AE-66B6DC9D3E62}.Debug|x86.ActiveCfg = Debug|Any CPU
		{2F3932CF-E2C9-4291-93AE-66B6DC9D3E62}.Debug|x86.Build.0 = Debug|Any CPU
		{2F3932CF-E2C9-4291-93AE-66B6DC9D3E62}.Release|Any CPU.ActiveCfg = Release|Any CPU
		{2F3932CF-E2C9-4291-93AE-66B6DC9D3E62}.Release|Any CPU.Build.0 = Release|Any CPU
		{2F3932CF-E2C9-4291-93AE-66B6DC9D3E62}.Release|ARM.ActiveCfg = Release|Any CPU
		{2F3932CF-E2C9-4291-93AE-66B6DC9D3E62}.Release|ARM.Build.0 = Release|Any CPU
		{2F3932CF-E2C9-4291-93AE-66B6DC9D3E62}.Release|iPhone.ActiveCfg = Release|Any CPU
		{2F3932CF-E2C9-4291-93AE-66B6DC9D3E62}.Release|iPhone.Build.0 = Release|Any CPU
		{2F3932CF-E2C9-4291-93AE-66B6DC9D3E62}.Release|iPhoneSimulator.ActiveCfg = Release|Any CPU
		{2F3932CF-E2C9-4291-93AE-66B6DC9D3E62}.Release|iPhoneSimulator.Build.0 = Release|Any CPU
		{2F3932CF-E2C9-4291-93AE-66B6DC9D3E62}.Release|x86.ActiveCfg = Release|Any CPU
		{2F3932CF-E2C9-4291-93AE-66B6DC9D3E62}.Release|x86.Build.0 = Release|Any CPU
		{B1B4A987-405A-455A-9834-E7380F13FE41}.Debug|Any CPU.ActiveCfg = Debug|Any CPU
		{B1B4A987-405A-455A-9834-E7380F13FE41}.Debug|Any CPU.Build.0 = Debug|Any CPU
		{B1B4A987-405A-455A-9834-E7380F13FE41}.Debug|ARM.ActiveCfg = Debug|Any CPU
		{B1B4A987-405A-455A-9834-E7380F13FE41}.Debug|ARM.Build.0 = Debug|Any CPU
		{B1B4A987-405A-455A-9834-E7380F13FE41}.Debug|iPhone.ActiveCfg = Debug|Any CPU
		{B1B4A987-405A-455A-9834-E7380F13FE41}.Debug|iPhone.Build.0 = Debug|Any CPU
		{B1B4A987-405A-455A-9834-E7380F13FE41}.Debug|iPhoneSimulator.ActiveCfg = Debug|Any CPU
		{B1B4A987-405A-455A-9834-E7380F13FE41}.Debug|iPhoneSimulator.Build.0 = Debug|Any CPU
		{B1B4A987-405A-455A-9834-E7380F13FE41}.Debug|x86.ActiveCfg = Debug|Any CPU
		{B1B4A987-405A-455A-9834-E7380F13FE41}.Debug|x86.Build.0 = Debug|Any CPU
		{B1B4A987-405A-455A-9834-E7380F13FE41}.Release|Any CPU.ActiveCfg = Release|Any CPU
		{B1B4A987-405A-455A-9834-E7380F13FE41}.Release|Any CPU.Build.0 = Release|Any CPU
		{B1B4A987-405A-455A-9834-E7380F13FE41}.Release|ARM.ActiveCfg = Release|Any CPU
		{B1B4A987-405A-455A-9834-E7380F13FE41}.Release|ARM.Build.0 = Release|Any CPU
		{B1B4A987-405A-455A-9834-E7380F13FE41}.Release|iPhone.ActiveCfg = Release|Any CPU
		{B1B4A987-405A-455A-9834-E7380F13FE41}.Release|iPhone.Build.0 = Release|Any CPU
		{B1B4A987-405A-455A-9834-E7380F13FE41}.Release|iPhoneSimulator.ActiveCfg = Release|Any CPU
		{B1B4A987-405A-455A-9834-E7380F13FE41}.Release|iPhoneSimulator.Build.0 = Release|Any CPU
		{B1B4A987-405A-455A-9834-E7380F13FE41}.Release|x86.ActiveCfg = Release|Any CPU
		{B1B4A987-405A-455A-9834-E7380F13FE41}.Release|x86.Build.0 = Release|Any CPU
	EndGlobalSection
	GlobalSection(SolutionProperties) = preSolution
		HideSolutionNode = FALSE
	EndGlobalSection
EndGlobal
